
Microsoft Visual Studio Solution File, Format Version 12.00
# Visual Studio 15
VisualStudioVersion = 15.0.28307.645
MinimumVisualStudioVersion = 10.0.40219.1
Project("{FAE04EC0-301F-11D3-BF4B-00C04F79EFBC}") = "TestMasGlobal", "TestMasGlobal\TestMasGlobal.csproj", "{C609F835-93BE-49F5-87A3-81E609EA06F4}"
EndProject
Project("{FAE04EC0-301F-11D3-BF4B-00C04F79EFBC}") = "UnitTestMasGlobal", "UnitTestMasGlobal\UnitTestMasGlobal.csproj", "{DADD21E1-9EC0-49CE-987B-F359CB9955E9}"
EndProject
Global
	GlobalSection(SolutionConfigurationPlatforms) = preSolution
		Debug|Any CPU = Debug|Any CPU
		Release|Any CPU = Release|Any CPU
	EndGlobalSection
	GlobalSection(ProjectConfigurationPlatforms) = postSolution
		{C609F835-93BE-49F5-87A3-81E609EA06F4}.Debug|Any CPU.ActiveCfg = Debug|Any CPU
		{C609F835-93BE-49F5-87A3-81E609EA06F4}.Debug|Any CPU.Build.0 = Debug|Any CPU
		{C609F835-93BE-49F5-87A3-81E609EA06F4}.Release|Any CPU.ActiveCfg = Release|Any CPU
		{C609F835-93BE-49F5-87A3-81E609EA06F4}.Release|Any CPU.Build.0 = Release|Any CPU
		{DADD21E1-9EC0-49CE-987B-F359CB9955E9}.Debug|Any CPU.ActiveCfg = Debug|Any CPU
		{DADD21E1-9EC0-49CE-987B-F359CB9955E9}.Debug|Any CPU.Build.0 = Debug|Any CPU
		{DADD21E1-9EC0-49CE-987B-F359CB9955E9}.Release|Any CPU.ActiveCfg = Release|Any CPU
		{DADD21E1-9EC0-49CE-987B-F359CB9955E9}.Release|Any CPU.Build.0 = Release|Any CPU
	EndGlobalSection
	GlobalSection(SolutionProperties) = preSolution
		HideSolutionNode = FALSE
	EndGlobalSection
	GlobalSection(ExtensibilityGlobals) = postSolution
		SolutionGuid = {A5B5F37D-E06F-4EF9-9A70-7A6475BE794A}
	EndGlobalSection
EndGlobal
